
Microsoft Visual Studio Solution File, Format Version 12.00
# Visual Studio 15
VisualStudioVersion = 15.0.27130.2024
MinimumVisualStudioVersion = 10.0.40219.1
Project("{FAE04EC0-301F-11D3-BF4B-00C04F79EFBC}") = "HeroismDiscordBot.Service", "HeroismDiscordBot.Service\HeroismDiscordBot.Service.csproj", "{0D873C11-C65C-4AE7-A190-075C8BBD55F1}"
EndProject
Global
	GlobalSection(SolutionConfigurationPlatforms) = preSolution
		Debug|Any CPU = Debug|Any CPU
		Release|Any CPU = Release|Any CPU
	EndGlobalSection
	GlobalSection(ProjectConfigurationPlatforms) = postSolution
		{0D873C11-C65C-4AE7-A190-075C8BBD55F1}.Debug|Any CPU.ActiveCfg = Debug|Any CPU
		{0D873C11-C65C-4AE7-A190-075C8BBD55F1}.Debug|Any CPU.Build.0 = Debug|Any CPU
		{0D873C11-C65C-4AE7-A190-075C8BBD55F1}.Release|Any CPU.ActiveCfg = Release|Any CPU
		{0D873C11-C65C-4AE7-A190-075C8BBD55F1}.Release|Any CPU.Build.0 = Release|Any CPU
	EndGlobalSection
	GlobalSection(SolutionProperties) = preSolution
		HideSolutionNode = FALSE
	EndGlobalSection
	GlobalSection(ExtensibilityGlobals) = postSolution
		SolutionGuid = {DE9F29BD-74A3-41E7-BF11-29434917DCEE}
	EndGlobalSection
EndGlobal
